// !$*UTF8*$!
{
	archiveVersion = 1;
	classes = {
	};
	objectVersion = 46;
	objects = {

/* Begin PBXBuildFile section */
		BE636896146A9C6C000BC5C8 /* Cocoa.framework in Frameworks */ = {isa = PBXBuildFile; fileRef = BE636895146A9C6C000BC5C8 /* Cocoa.framework */; };
		BE6368A0146A9C6C000BC5C8 /* InfoPlist.strings in Resources */ = {isa = PBXBuildFile; fileRef = BE63689E146A9C6C000BC5C8 /* InfoPlist.strings */; };
		BE6368A6146A9C6C000BC5C8 /* Credits.rtf in Resources */ = {isa = PBXBuildFile; fileRef = BE6368A4146A9C6C000BC5C8 /* Credits.rtf */; };
		BE6368A9146A9C6C000BC5C8 /* AppDelegate.m in Sources */ = {isa = PBXBuildFile; fileRef = BE6368A8146A9C6C000BC5C8 /* AppDelegate.m */; };
		BE6368AC146A9C6C000BC5C8 /* MainMenu.xib in Resources */ = {isa = PBXBuildFile; fileRef = BE6368AA146A9C6C000BC5C8 /* MainMenu.xib */; };
		BE8A570C146ADF3C00694B95 /* xd.framework in Frameworks */ = {isa = PBXBuildFile; fileRef = BE8A570B146ADF3C00694B95 /* xd.framework */; };
		BE8AE9FF146ADDEB00694B95 /* main.cpp in Sources */ = {isa = PBXBuildFile; fileRef = BE8AE9FD146ADDEB00694B95 /* main.cpp */; };
		BE8AEA00146ADDEB00694B95 /* test.cpp in Sources */ = {isa = PBXBuildFile; fileRef = BE8AE9FE146ADDEB00694B95 /* test.cpp */; };
		BEFD6E65146AE420007FC18B /* OpenGL.framework in Frameworks */ = {isa = PBXBuildFile; fileRef = BEFD6E64146AE420007FC18B /* OpenGL.framework */; };
		BEFD6E6A146AE55D007FC18B /* xd.framework in Copy Frameworks */ = {isa = PBXBuildFile; fileRef = BE8A570B146ADF3C00694B95 /* xd.framework */; };
/* End PBXBuildFile section */

/* Begin PBXCopyFilesBuildPhase section */
		BEFD6E69146AE4F8007FC18B /* Copy Frameworks */ = {
			isa = PBXCopyFilesBuildPhase;
			buildActionMask = 2147483647;
			dstPath = "";
			dstSubfolderSpec = 10;
			files = (
				BEFD6E6A146AE55D007FC18B /* xd.framework in Copy Frameworks */,
			);
			name = "Copy Frameworks";
			runOnlyForDeploymentPostprocessing = 0;
		};
/* End PBXCopyFilesBuildPhase section */

/* Begin PBXFileReference section */
		BE636891146A9C6C000BC5C8 /* test.app */ = {isa = PBXFileReference; explicitFileType = wrapper.application; includeInIndex = 0; path = test.app; sourceTree = BUILT_PRODUCTS_DIR; };
		BE636895146A9C6C000BC5C8 /* Cocoa.framework */ = {isa = PBXFileReference; lastKnownFileType = wrapper.framework; name = Cocoa.framework; path = System/Library/Frameworks/Cocoa.framework; sourceTree = SDKROOT; };
		BE636898146A9C6C000BC5C8 /* AppKit.framework */ = {isa = PBXFileReference; lastKnownFileType = wrapper.framework; name = AppKit.framework; path = System/Library/Frameworks/AppKit.framework; sourceTree = SDKROOT; };
		BE636899146A9C6C000BC5C8 /* CoreData.framework */ = {isa = PBXFileReference; lastKnownFileType = wrapper.framework; name = CoreData.framework; path = System/Library/Frameworks/CoreData.framework; sourceTree = SDKROOT; };
		BE63689A146A9C6C000BC5C8 /* Foundation.framework */ = {isa = PBXFileReference; lastKnownFileType = wrapper.framework; name = Foundation.framework; path = System/Library/Frameworks/Foundation.framework; sourceTree = SDKROOT; };
		BE63689D146A9C6C000BC5C8 /* test-Info.plist */ = {isa = PBXFileReference; lastKnownFileType = text.plist.xml; path = "test-Info.plist"; sourceTree = "<group>"; };
		BE63689F146A9C6C000BC5C8 /* en */ = {isa = PBXFileReference; lastKnownFileType = text.plist.strings; name = en; path = en.lproj/InfoPlist.strings; sourceTree = "<group>"; };
		BE6368A3146A9C6C000BC5C8 /* test-Prefix.pch */ = {isa = PBXFileReference; lastKnownFileType = sourcecode.c.h; path = "test-Prefix.pch"; sourceTree = "<group>"; };
		BE6368A5146A9C6C000BC5C8 /* en */ = {isa = PBXFileReference; lastKnownFileType = text.rtf; name = en; path = en.lproj/Credits.rtf; sourceTree = "<group>"; };
		BE6368A7146A9C6C000BC5C8 /* AppDelegate.h */ = {isa = PBXFileReference; lastKnownFileType = sourcecode.c.h; path = AppDelegate.h; sourceTree = "<group>"; };
		BE6368A8146A9C6C000BC5C8 /* AppDelegate.m */ = {isa = PBXFileReference; lastKnownFileType = sourcecode.c.objc; path = AppDelegate.m; sourceTree = "<group>"; };
		BE6368AB146A9C6C000BC5C8 /* en */ = {isa = PBXFileReference; lastKnownFileType = file.xib; name = en; path = en.lproj/MainMenu.xib; sourceTree = "<group>"; };
		BE8A5709146ADF2B00694B95 /* test.h */ = {isa = PBXFileReference; fileEncoding = 4; lastKnownFileType = sourcecode.c.h; name = test.h; path = ../../../src/test/test.h; sourceTree = "<group>"; };
		BE8A570A146ADF2B00694B95 /* types.h */ = {isa = PBXFileReference; fileEncoding = 4; lastKnownFileType = sourcecode.c.h; name = types.h; path = ../../../src/test/types.h; sourceTree = "<group>"; };
		BE8A570B146ADF3C00694B95 /* xd.framework */ = {isa = PBXFileReference; lastKnownFileType = wrapper.framework; name = xd.framework; path = "../../../../../Library/Developer/Xcode/DerivedData/xd-apmepgeukrlokmgriawfzevkdmoc/Build/Products/Debug/xd.framework"; sourceTree = "<group>"; };
		BE8AE9FD146ADDEB00694B95 /* main.cpp */ = {isa = PBXFileReference; fileEncoding = 4; lastKnownFileType = sourcecode.cpp.cpp; name = main.cpp; path = ../../../src/test/main.cpp; sourceTree = "<group>"; };
		BE8AE9FE146ADDEB00694B95 /* test.cpp */ = {isa = PBXFileReference; fileEncoding = 4; lastKnownFileType = sourcecode.cpp.cpp; name = test.cpp; path = ../../../src/test/test.cpp; sourceTree = "<group>"; };
		BEFD6E64146AE420007FC18B /* OpenGL.framework */ = {isa = PBXFileReference; lastKnownFileType = wrapper.framework; name = OpenGL.framework; path = System/Library/Frameworks/OpenGL.framework; sourceTree = SDKROOT; };
/* End PBXFileReference section */

/* Begin PBXFrameworksBuildPhase section */
		BE63688E146A9C6C000BC5C8 /* Frameworks */ = {
			isa = PBXFrameworksBuildPhase;
			buildActionMask = 2147483647;
			files = (
				BEFD6E65146AE420007FC18B /* OpenGL.framework in Frameworks */,
				BE8A570C146ADF3C00694B95 /* xd.framework in Frameworks */,
				BE636896146A9C6C000BC5C8 /* Cocoa.framework in Frameworks */,
			);
			runOnlyForDeploymentPostprocessing = 0;
		};
/* End PBXFrameworksBuildPhase section */

/* Begin PBXGroup section */
		BE636886146A9C6B000BC5C8 = {
			isa = PBXGroup;
			children = (
				BE8AE9FC146ADDD700694B95 /* include */,
				BE8AE9FB146ADDD000694B95 /* src */,
				BE63689B146A9C6C000BC5C8 /* test */,
				BE636894146A9C6C000BC5C8 /* Frameworks */,
				BE636892146A9C6C000BC5C8 /* Products */,
			);
			sourceTree = "<group>";
		};
		BE636892146A9C6C000BC5C8 /* Products */ = {
			isa = PBXGroup;
			children = (
				BE636891146A9C6C000BC5C8 /* test.app */,
			);
			name = Products;
			sourceTree = "<group>";
		};
		BE636894146A9C6C000BC5C8 /* Frameworks */ = {
			isa = PBXGroup;
			children = (
				BEFD6E64146AE420007FC18B /* OpenGL.framework */,
				BE8A570B146ADF3C00694B95 /* xd.framework */,
				BE636895146A9C6C000BC5C8 /* Cocoa.framework */,
				BE636897146A9C6C000BC5C8 /* Other Frameworks */,
			);
			name = Frameworks;
			sourceTree = "<group>";
		};
		BE636897146A9C6C000BC5C8 /* Other Frameworks */ = {
			isa = PBXGroup;
			children = (
				BE636898146A9C6C000BC5C8 /* AppKit.framework */,
				BE636899146A9C6C000BC5C8 /* CoreData.framework */,
				BE63689A146A9C6C000BC5C8 /* Foundation.framework */,
			);
			name = "Other Frameworks";
			sourceTree = "<group>";
		};
		BE63689B146A9C6C000BC5C8 /* test */ = {
			isa = PBXGroup;
			children = (
				BE6368A7146A9C6C000BC5C8 /* AppDelegate.h */,
				BE6368A8146A9C6C000BC5C8 /* AppDelegate.m */,
				BE6368AA146A9C6C000BC5C8 /* MainMenu.xib */,
				BE63689C146A9C6C000BC5C8 /* Supporting Files */,
			);
			path = test;
			sourceTree = "<group>";
		};
		BE63689C146A9C6C000BC5C8 /* Supporting Files */ = {
			isa = PBXGroup;
			children = (
				BE63689D146A9C6C000BC5C8 /* test-Info.plist */,
				BE63689E146A9C6C000BC5C8 /* InfoPlist.strings */,
				BE6368A3146A9C6C000BC5C8 /* test-Prefix.pch */,
				BE6368A4146A9C6C000BC5C8 /* Credits.rtf */,
			);
			name = "Supporting Files";
			sourceTree = "<group>";
		};
		BE8AE9FB146ADDD000694B95 /* src */ = {
			isa = PBXGroup;
			children = (
				BE8AE9FD146ADDEB00694B95 /* main.cpp */,
				BE8AE9FE146ADDEB00694B95 /* test.cpp */,
			);
			name = src;
			sourceTree = "<group>";
		};
		BE8AE9FC146ADDD700694B95 /* include */ = {
			isa = PBXGroup;
			children = (
				BE8A5709146ADF2B00694B95 /* test.h */,
				BE8A570A146ADF2B00694B95 /* types.h */,
			);
			name = include;
			sourceTree = "<group>";
		};
/* End PBXGroup section */

/* Begin PBXNativeTarget section */
		BE636890146A9C6C000BC5C8 /* test */ = {
			isa = PBXNativeTarget;
			buildConfigurationList = BE6368AF146A9C6C000BC5C8 /* Build configuration list for PBXNativeTarget "test" */;
			buildPhases = (
				BE63688D146A9C6C000BC5C8 /* Sources */,
				BE63688E146A9C6C000BC5C8 /* Frameworks */,
				BE63688F146A9C6C000BC5C8 /* Resources */,
				BEFD6E69146AE4F8007FC18B /* Copy Frameworks */,
				BE2E861A146AF81900E0E1CF /* ShellScript */,
			);
			buildRules = (
			);
			dependencies = (
			);
			name = test;
			productName = test;
			productReference = BE636891146A9C6C000BC5C8 /* test.app */;
			productType = "com.apple.product-type.application";
		};
/* End PBXNativeTarget section */

/* Begin PBXProject section */
		BE636888146A9C6B000BC5C8 /* Project object */ = {
			isa = PBXProject;
			attributes = {
				LastUpgradeCheck = 0420;
				ORGANIZATIONNAME = "Ecome Finland Oy";
			};
			buildConfigurationList = BE63688B146A9C6B000BC5C8 /* Build configuration list for PBXProject "test" */;
			compatibilityVersion = "Xcode 3.2";
			developmentRegion = English;
			hasScannedForEncodings = 0;
			knownRegions = (
				en,
				English,
			);
			mainGroup = BE636886146A9C6B000BC5C8;
			productRefGroup = BE636892146A9C6C000BC5C8 /* Products */;
			projectDirPath = "";
			projectRoot = "";
			targets = (
				BE636890146A9C6C000BC5C8 /* test */,
			);
		};
/* End PBXProject section */

/* Begin PBXResourcesBuildPhase section */
		BE63688F146A9C6C000BC5C8 /* Resources */ = {
			isa = PBXResourcesBuildPhase;
			buildActionMask = 2147483647;
			files = (
				BE6368A0146A9C6C000BC5C8 /* InfoPlist.strings in Resources */,
				BE6368A6146A9C6C000BC5C8 /* Credits.rtf in Resources */,
				BE6368AC146A9C6C000BC5C8 /* MainMenu.xib in Resources */,
			);
			runOnlyForDeploymentPostprocessing = 0;
		};
/* End PBXResourcesBuildPhase section */

/* Begin PBXShellScriptBuildPhase section */
		BE2E861A146AF81900E0E1CF /* ShellScript */ = {
			isa = PBXShellScriptBuildPhase;
			buildActionMask = 12;
			files = (
			);
			inputPaths = (
			);
			outputPaths = (
			);
			runOnlyForDeploymentPostprocessing = 0;
			shellPath = /bin/sh;
			shellScript = "cd \"$BUILT_PRODUCTS_DIR/test.app/Contents/MacOS/\"\ninstall_name_tool -change /usr/lib/libc++.1.dylib @executable_path/../Frameworks/xd.framework/Versions/A/Frameworks/libc++.1.dylib test";
		};
/* End PBXShellScriptBuildPhase section */

/* Begin PBXSourcesBuildPhase section */
		BE63688D146A9C6C000BC5C8 /* Sources */ = {
			isa = PBXSourcesBuildPhase;
			buildActionMask = 2147483647;
			files = (
				BE6368A9146A9C6C000BC5C8 /* AppDelegate.m in Sources */,
				BE8AE9FF146ADDEB00694B95 /* main.cpp in Sources */,
				BE8AEA00146ADDEB00694B95 /* test.cpp in Sources */,
			);
			runOnlyForDeploymentPostprocessing = 0;
		};
/* End PBXSourcesBuildPhase section */

/* Begin PBXVariantGroup section */
		BE63689E146A9C6C000BC5C8 /* InfoPlist.strings */ = {
			isa = PBXVariantGroup;
			children = (
				BE63689F146A9C6C000BC5C8 /* en */,
			);
			name = InfoPlist.strings;
			sourceTree = "<group>";
		};
		BE6368A4146A9C6C000BC5C8 /* Credits.rtf */ = {
			isa = PBXVariantGroup;
			children = (
				BE6368A5146A9C6C000BC5C8 /* en */,
			);
			name = Credits.rtf;
			sourceTree = "<group>";
		};
		BE6368AA146A9C6C000BC5C8 /* MainMenu.xib */ = {
			isa = PBXVariantGroup;
			children = (
				BE6368AB146A9C6C000BC5C8 /* en */,
			);
			name = MainMenu.xib;
			sourceTree = "<group>";
		};
/* End PBXVariantGroup section */

/* Begin XCBuildConfiguration section */
		BE6368AD146A9C6C000BC5C8 /* Debug */ = {
			isa = XCBuildConfiguration;
			buildSettings = {
				ALWAYS_SEARCH_USER_PATHS = NO;
				ARCHS = "$(ARCHS_STANDARD_64_BIT)";
				CLANG_ENABLE_OBJC_ARC = YES;
				COPY_PHASE_STRIP = NO;
				GCC_C_LANGUAGE_STANDARD = gnu99;
				GCC_DYNAMIC_NO_PIC = NO;
				GCC_ENABLE_OBJC_EXCEPTIONS = YES;
				GCC_OPTIMIZATION_LEVEL = 0;
				GCC_PREPROCESSOR_DEFINITIONS = (
					"DEBUG=1",
					"$(inherited)",
				);
				GCC_SYMBOLS_PRIVATE_EXTERN = NO;
				GCC_VERSION = com.apple.compilers.llvm.clang.1_0;
				GCC_WARN_64_TO_32_BIT_CONVERSION = YES;
				GCC_WARN_ABOUT_MISSING_PROTOTYPES = YES;
				GCC_WARN_ABOUT_RETURN_TYPE = YES;
				GCC_WARN_UNUSED_VARIABLE = YES;
				MACOSX_DEPLOYMENT_TARGET = 10.7;
				ONLY_ACTIVE_ARCH = YES;
				SDKROOT = macosx;
			};
			name = Debug;
		};
		BE6368AE146A9C6C000BC5C8 /* Release */ = {
			isa = XCBuildConfiguration;
			buildSettings = {
				ALWAYS_SEARCH_USER_PATHS = NO;
				ARCHS = "$(ARCHS_STANDARD_64_BIT)";
				CLANG_ENABLE_OBJC_ARC = YES;
				COPY_PHASE_STRIP = YES;
				DEBUG_INFORMATION_FORMAT = "dwarf-with-dsym";
				GCC_C_LANGUAGE_STANDARD = gnu99;
				GCC_ENABLE_OBJC_EXCEPTIONS = YES;
				GCC_VERSION = com.apple.compilers.llvm.clang.1_0;
				GCC_WARN_64_TO_32_BIT_CONVERSION = YES;
				GCC_WARN_ABOUT_MISSING_PROTOTYPES = YES;
				GCC_WARN_ABOUT_RETURN_TYPE = YES;
				GCC_WARN_UNUSED_VARIABLE = YES;
				MACOSX_DEPLOYMENT_TARGET = 10.7;
				SDKROOT = macosx;
			};
			name = Release;
		};
		BE6368B0146A9C6C000BC5C8 /* Debug */ = {
			isa = XCBuildConfiguration;
			buildSettings = {
				CLANG_CXX_LANGUAGE_STANDARD = "c++0x";
				CLANG_CXX_LIBRARY = "libc++";
				FRAMEWORK_SEARCH_PATHS = (
					"$(inherited)",
					"\"$(SRCROOT)/../../../../../Library/Developer/Xcode/DerivedData/xd-apmepgeukrlokmgriawfzevkdmoc/Build/Products/Debug\"",
				);
				GCC_PRECOMPILE_PREFIX_HEADER = YES;
				GCC_PREFIX_HEADER = "test/test-Prefix.pch";
				HEADER_SEARCH_PATHS = /opt/local/include;
				INFOPLIST_FILE = "test/test-Info.plist";
				LIBRARY_SEARCH_PATHS = (
					"$(inherited)",
					"\"$(SRCROOT)/../../../../excalistia/osx/lib\"",
					"\"$(SRCROOT)/../../../../excalistia/win/lib\"",
					"\"$(SRCROOT)/../../../../oglsuperbible5-read-only/freeglut-2.6.0/VisualStudio2008Static/Release\"",
					"\"$(SRCROOT)/../../../../oglsuperbible5-read-only/VisualStudio2008/GLTools/Release\"",
					"\"$(SRCROOT)/../../../../oglsuperbible5-read-only/VisualStudio2008/OpenEXR/lib\"",
					"\"$(SRCROOT)/../../../../oglsuperbible5-read-only/XCode/GLTools\"",
					"\"$(SRCROOT)/../../../vendor/osx\"",
					/opt/local/lib,
				);
				PRODUCT_NAME = "$(TARGET_NAME)";
				WRAPPER_EXTENSION = app;
			};
			name = Debug;
		};
		BE6368B1146A9C6C000BC5C8 /* Release */ = {
			isa = XCBuildConfiguration;
			buildSettings = {
				CLANG_CXX_LANGUAGE_STANDARD = "c++0x";
				CLANG_CXX_LIBRARY = "libc++";
				FRAMEWORK_SEARCH_PATHS = (
					"$(inherited)",
					"\"$(SRCROOT)/../../../../../Library/Developer/Xcode/DerivedData/xd-apmepgeukrlokmgriawfzevkdmoc/Build/Products/Debug\"",
				);
				GCC_PRECOMPILE_PREFIX_HEADER = YES;
				GCC_PREFIX_HEADER = "test/test-Prefix.pch";
				HEADER_SEARCH_PATHS = /opt/local/include;
				INFOPLIST_FILE = "test/test-Info.plist";
				LIBRARY_SEARCH_PATHS = (
					"$(inherited)",
					"\"$(SRCROOT)/../../../../excalistia/osx/lib\"",
					"\"$(SRCROOT)/../../../../excalistia/win/lib\"",
					"\"$(SRCROOT)/../../../../oglsuperbible5-read-only/freeglut-2.6.0/VisualStudio2008Static/Release\"",
					"\"$(SRCROOT)/../../../../oglsuperbible5-read-only/VisualStudio2008/GLTools/Release\"",
					"\"$(SRCROOT)/../../../../oglsuperbible5-read-only/VisualStudio2008/OpenEXR/lib\"",
					"\"$(SRCROOT)/../../../../oglsuperbible5-read-only/XCode/GLTools\"",
					"\"$(SRCROOT)/../../../vendor/osx\"",
					/opt/local/lib,
				);
				PRODUCT_NAME = "$(TARGET_NAME)";
				WRAPPER_EXTENSION = app;
			};
			name = Release;
		};
/* End XCBuildConfiguration section */

/* Begin XCConfigurationList section */
		BE63688B146A9C6B000BC5C8 /* Build configuration list for PBXProject "test" */ = {
			isa = XCConfigurationList;
			buildConfigurations = (
				BE6368AD146A9C6C000BC5C8 /* Debug */,
				BE6368AE146A9C6C000BC5C8 /* Release */,
			);
			defaultConfigurationIsVisible = 0;
			defaultConfigurationName = Release;
		};
		BE6368AF146A9C6C000BC5C8 /* Build configuration list for PBXNativeTarget "test" */ = {
			isa = XCConfigurationList;
			buildConfigurations = (
				BE6368B0146A9C6C000BC5C8 /* Debug */,
				BE6368B1146A9C6C000BC5C8 /* Release */,
			);
			defaultConfigurationIsVisible = 0;
			defaultConfigurationName = Release;
		};
/* End XCConfigurationList section */
	};
	rootObject = BE636888146A9C6B000BC5C8 /* Project object */;
}
