// !$*UTF8*$!
{
	archiveVersion = 1;
	classes = {
	};
	objectVersion = 46;
	objects = {

/* Begin PBXBuildFile section */
		BE52482C14627F3D00D7F861 /* window.cpp in Sources */ = {isa = PBXBuildFile; fileRef = BE52482B14627F3D00D7F861 /* window.cpp */; };
		BE85D9C1145AB7B600AC987F /* Cocoa.framework in Frameworks */ = {isa = PBXBuildFile; fileRef = BE85D9C0145AB7B600AC987F /* Cocoa.framework */; };
		BE85D9CB145AB7B600AC987F /* system.m in Sources */ = {isa = PBXBuildFile; fileRef = BE85D9CA145AB7B600AC987F /* system.m */; };
		BE85D9F8145AB85700AC987F /* OpenGL.framework in Frameworks */ = {isa = PBXBuildFile; fileRef = BE85D9F7145AB85700AC987F /* OpenGL.framework */; };
		BE85D9FA145AB8C300AC987F /* libglfw.a in Frameworks */ = {isa = PBXBuildFile; fileRef = BE85D9F9145AB8C300AC987F /* libglfw.a */; };
/* End PBXBuildFile section */

/* Begin PBXFileReference section */
		BE52482B14627F3D00D7F861 /* window.cpp */ = {isa = PBXFileReference; fileEncoding = 4; lastKnownFileType = sourcecode.cpp.cpp; name = window.cpp; path = ../../../src/system/window.cpp; sourceTree = "<group>"; };
		BE85D9BD145AB7B600AC987F /* xd_system.dylib */ = {isa = PBXFileReference; explicitFileType = "compiled.mach-o.dylib"; includeInIndex = 0; path = xd_system.dylib; sourceTree = BUILT_PRODUCTS_DIR; };
		BE85D9C0145AB7B600AC987F /* Cocoa.framework */ = {isa = PBXFileReference; lastKnownFileType = wrapper.framework; name = Cocoa.framework; path = System/Library/Frameworks/Cocoa.framework; sourceTree = SDKROOT; };
		BE85D9C3145AB7B600AC987F /* AppKit.framework */ = {isa = PBXFileReference; lastKnownFileType = wrapper.framework; name = AppKit.framework; path = System/Library/Frameworks/AppKit.framework; sourceTree = SDKROOT; };
		BE85D9C4145AB7B600AC987F /* CoreData.framework */ = {isa = PBXFileReference; lastKnownFileType = wrapper.framework; name = CoreData.framework; path = System/Library/Frameworks/CoreData.framework; sourceTree = SDKROOT; };
		BE85D9C5145AB7B600AC987F /* Foundation.framework */ = {isa = PBXFileReference; lastKnownFileType = wrapper.framework; name = Foundation.framework; path = System/Library/Frameworks/Foundation.framework; sourceTree = SDKROOT; };
		BE85D9C8145AB7B600AC987F /* system-Prefix.pch */ = {isa = PBXFileReference; lastKnownFileType = sourcecode.c.h; path = "system-Prefix.pch"; sourceTree = "<group>"; };
		BE85D9C9145AB7B600AC987F /* system.h */ = {isa = PBXFileReference; lastKnownFileType = sourcecode.c.h; path = system.h; sourceTree = "<group>"; };
		BE85D9CA145AB7B600AC987F /* system.m */ = {isa = PBXFileReference; lastKnownFileType = sourcecode.c.objc; path = system.m; sourceTree = "<group>"; };
		BE85D9F7145AB85700AC987F /* OpenGL.framework */ = {isa = PBXFileReference; lastKnownFileType = wrapper.framework; name = OpenGL.framework; path = ../../../../../../../System/Library/Frameworks/OpenGL.framework; sourceTree = "<group>"; };
		BE85D9F9145AB8C300AC987F /* libglfw.a */ = {isa = PBXFileReference; lastKnownFileType = archive.ar; name = libglfw.a; path = ../../../../../../../usr/local/lib/libglfw.a; sourceTree = "<group>"; };
/* End PBXFileReference section */

/* Begin PBXFrameworksBuildPhase section */
		BE85D9BA145AB7B600AC987F /* Frameworks */ = {
			isa = PBXFrameworksBuildPhase;
			buildActionMask = 2147483647;
			files = (
				BE85D9C1145AB7B600AC987F /* Cocoa.framework in Frameworks */,
				BE85D9F8145AB85700AC987F /* OpenGL.framework in Frameworks */,
				BE85D9FA145AB8C300AC987F /* libglfw.a in Frameworks */,
			);
			runOnlyForDeploymentPostprocessing = 0;
		};
/* End PBXFrameworksBuildPhase section */

/* Begin PBXGroup section */
		BE52482E14627F4600D7F861 /* src */ = {
			isa = PBXGroup;
			children = (
				BE52482B14627F3D00D7F861 /* window.cpp */,
			);
			name = src;
			sourceTree = "<group>";
		};
		BE85D9B2145AB7B600AC987F = {
			isa = PBXGroup;
			children = (
				BE52482E14627F4600D7F861 /* src */,
				BE85D9C6145AB7B600AC987F /* system */,
				BE85D9BF145AB7B600AC987F /* Frameworks */,
				BE85D9BE145AB7B600AC987F /* Products */,
			);
			sourceTree = "<group>";
		};
		BE85D9BE145AB7B600AC987F /* Products */ = {
			isa = PBXGroup;
			children = (
				BE85D9BD145AB7B600AC987F /* xd_system.dylib */,
			);
			name = Products;
			sourceTree = "<group>";
		};
		BE85D9BF145AB7B600AC987F /* Frameworks */ = {
			isa = PBXGroup;
			children = (
				BE85D9C0145AB7B600AC987F /* Cocoa.framework */,
				BE85D9C2145AB7B600AC987F /* Other Frameworks */,
			);
			name = Frameworks;
			sourceTree = "<group>";
		};
		BE85D9C2145AB7B600AC987F /* Other Frameworks */ = {
			isa = PBXGroup;
			children = (
				BE85D9F9145AB8C300AC987F /* libglfw.a */,
				BE85D9F7145AB85700AC987F /* OpenGL.framework */,
				BE85D9C3145AB7B600AC987F /* AppKit.framework */,
				BE85D9C4145AB7B600AC987F /* CoreData.framework */,
				BE85D9C5145AB7B600AC987F /* Foundation.framework */,
			);
			name = "Other Frameworks";
			sourceTree = "<group>";
		};
		BE85D9C6145AB7B600AC987F /* system */ = {
			isa = PBXGroup;
			children = (
				BE85D9C9145AB7B600AC987F /* system.h */,
				BE85D9CA145AB7B600AC987F /* system.m */,
				BE85D9C7145AB7B600AC987F /* Supporting Files */,
			);
			path = system;
			sourceTree = "<group>";
		};
		BE85D9C7145AB7B600AC987F /* Supporting Files */ = {
			isa = PBXGroup;
			children = (
				BE85D9C8145AB7B600AC987F /* system-Prefix.pch */,
			);
			name = "Supporting Files";
			sourceTree = "<group>";
		};
/* End PBXGroup section */

/* Begin PBXHeadersBuildPhase section */
		BE85D9BB145AB7B600AC987F /* Headers */ = {
			isa = PBXHeadersBuildPhase;
			buildActionMask = 2147483647;
			files = (
			);
			runOnlyForDeploymentPostprocessing = 0;
		};
/* End PBXHeadersBuildPhase section */

/* Begin PBXNativeTarget section */
		BE85D9BC145AB7B600AC987F /* system */ = {
			isa = PBXNativeTarget;
			buildConfigurationList = BE85D9CE145AB7B600AC987F /* Build configuration list for PBXNativeTarget "system" */;
			buildPhases = (
				BE85D9B9145AB7B600AC987F /* Sources */,
				BE85D9BA145AB7B600AC987F /* Frameworks */,
				BE85D9BB145AB7B600AC987F /* Headers */,
			);
			buildRules = (
			);
			dependencies = (
			);
			name = system;
			productName = system;
			productReference = BE85D9BD145AB7B600AC987F /* xd_system.dylib */;
			productType = "com.apple.product-type.library.dynamic";
		};
/* End PBXNativeTarget section */

/* Begin PBXProject section */
		BE85D9B4145AB7B600AC987F /* Project object */ = {
			isa = PBXProject;
			attributes = {
				LastUpgradeCheck = 0420;
				ORGANIZATIONNAME = "Ecome Finland Oy";
			};
			buildConfigurationList = BE85D9B7145AB7B600AC987F /* Build configuration list for PBXProject "system" */;
			compatibilityVersion = "Xcode 3.2";
			developmentRegion = English;
			hasScannedForEncodings = 0;
			knownRegions = (
				en,
			);
			mainGroup = BE85D9B2145AB7B600AC987F;
			productRefGroup = BE85D9BE145AB7B600AC987F /* Products */;
			projectDirPath = "";
			projectRoot = "";
			targets = (
				BE85D9BC145AB7B600AC987F /* system */,
			);
		};
/* End PBXProject section */

/* Begin PBXSourcesBuildPhase section */
		BE85D9B9145AB7B600AC987F /* Sources */ = {
			isa = PBXSourcesBuildPhase;
			buildActionMask = 2147483647;
			files = (
				BE85D9CB145AB7B600AC987F /* system.m in Sources */,
				BE52482C14627F3D00D7F861 /* window.cpp in Sources */,
			);
			runOnlyForDeploymentPostprocessing = 0;
		};
/* End PBXSourcesBuildPhase section */

/* Begin XCBuildConfiguration section */
		BE85D9CC145AB7B600AC987F /* Debug */ = {
			isa = XCBuildConfiguration;
			buildSettings = {
				ALWAYS_SEARCH_USER_PATHS = NO;
				ARCHS = "$(ARCHS_STANDARD_64_BIT)";
				COPY_PHASE_STRIP = NO;
				GCC_C_LANGUAGE_STANDARD = gnu99;
				GCC_DYNAMIC_NO_PIC = NO;
				GCC_ENABLE_OBJC_EXCEPTIONS = YES;
				GCC_OPTIMIZATION_LEVEL = 0;
				GCC_PREPROCESSOR_DEFINITIONS = (
					"DEBUG=1",
					"$(inherited)",
				);
				GCC_SYMBOLS_PRIVATE_EXTERN = NO;
				GCC_VERSION = com.apple.compilers.llvm.clang.1_0;
				GCC_WARN_64_TO_32_BIT_CONVERSION = YES;
				GCC_WARN_ABOUT_MISSING_PROTOTYPES = YES;
				GCC_WARN_ABOUT_RETURN_TYPE = YES;
				GCC_WARN_UNUSED_VARIABLE = YES;
				MACOSX_DEPLOYMENT_TARGET = 10.7;
				ONLY_ACTIVE_ARCH = YES;
				SDKROOT = macosx;
			};
			name = Debug;
		};
		BE85D9CD145AB7B600AC987F /* Release */ = {
			isa = XCBuildConfiguration;
			buildSettings = {
				ALWAYS_SEARCH_USER_PATHS = NO;
				ARCHS = "$(ARCHS_STANDARD_64_BIT)";
				COPY_PHASE_STRIP = YES;
				DEBUG_INFORMATION_FORMAT = "dwarf-with-dsym";
				GCC_C_LANGUAGE_STANDARD = gnu99;
				GCC_ENABLE_OBJC_EXCEPTIONS = YES;
				GCC_VERSION = com.apple.compilers.llvm.clang.1_0;
				GCC_WARN_64_TO_32_BIT_CONVERSION = YES;
				GCC_WARN_ABOUT_MISSING_PROTOTYPES = YES;
				GCC_WARN_ABOUT_RETURN_TYPE = YES;
				GCC_WARN_UNUSED_VARIABLE = YES;
				MACOSX_DEPLOYMENT_TARGET = 10.7;
				SDKROOT = macosx;
			};
			name = Release;
		};
		BE85D9CF145AB7B600AC987F /* Debug */ = {
			isa = XCBuildConfiguration;
			buildSettings = {
				CLANG_CXX_LANGUAGE_STANDARD = "c++0x";
				CLANG_CXX_LIBRARY = "libc++";
				DYLIB_COMPATIBILITY_VERSION = 1;
				DYLIB_CURRENT_VERSION = 1;
				GCC_PRECOMPILE_PREFIX_HEADER = YES;
				GCC_PREFIX_HEADER = "system/system-Prefix.pch";
				HEADER_SEARCH_PATHS = (
					/System/Library/Frameworks/OpenGL.framework/Headers,
					/opt/local/include,
					/Users/reko/Projects/xd/include,
				);
				LIBRARY_SEARCH_PATHS = /opt/local/lib;
				PRODUCT_NAME = xd_system;
			};
			name = Debug;
		};
		BE85D9D0145AB7B600AC987F /* Release */ = {
			isa = XCBuildConfiguration;
			buildSettings = {
				CLANG_CXX_LANGUAGE_STANDARD = "c++0x";
				CLANG_CXX_LIBRARY = "libc++";
				DYLIB_COMPATIBILITY_VERSION = 1;
				DYLIB_CURRENT_VERSION = 1;
				GCC_PRECOMPILE_PREFIX_HEADER = YES;
				GCC_PREFIX_HEADER = "system/system-Prefix.pch";
				HEADER_SEARCH_PATHS = (
					/System/Library/Frameworks/OpenGL.framework/Headers,
					/opt/local/include,
					/Users/reko/Projects/xd/include,
				);
				LIBRARY_SEARCH_PATHS = /opt/local/lib;
				PRODUCT_NAME = xd_system;
			};
			name = Release;
		};
/* End XCBuildConfiguration section */

/* Begin XCConfigurationList section */
		BE85D9B7145AB7B600AC987F /* Build configuration list for PBXProject "system" */ = {
			isa = XCConfigurationList;
			buildConfigurations = (
				BE85D9CC145AB7B600AC987F /* Debug */,
				BE85D9CD145AB7B600AC987F /* Release */,
			);
			defaultConfigurationIsVisible = 0;
			defaultConfigurationName = Release;
		};
		BE85D9CE145AB7B600AC987F /* Build configuration list for PBXNativeTarget "system" */ = {
			isa = XCConfigurationList;
			buildConfigurations = (
				BE85D9CF145AB7B600AC987F /* Debug */,
				BE85D9D0145AB7B600AC987F /* Release */,
			);
			defaultConfigurationIsVisible = 0;
			defaultConfigurationName = Release;
		};
/* End XCConfigurationList section */
	};
	rootObject = BE85D9B4145AB7B600AC987F /* Project object */;
}
