
Microsoft Visual Studio Solution File, Format Version 11.00
# Visual C++ Express 2010
Project("{8BC9CEB8-8B4A-11D0-8D11-00A0C91BC942}") = "system", "system\system.vcxproj", "{7CD9E711-43D4-4D5C-B53C-1FBD82816BFE}"
EndProject
Project("{8BC9CEB8-8B4A-11D0-8D11-00A0C91BC942}") = "graphics", "graphics\graphics.vcxproj", "{31797ADA-202D-4664-904E-AD94832A98FB}"
EndProject
Project("{8BC9CEB8-8B4A-11D0-8D11-00A0C91BC942}") = "test", "test\test.vcxproj", "{04969378-3A38-43E1-BA87-C29DB5987FD2}"
EndProject
Project("{8BC9CEB8-8B4A-11D0-8D11-00A0C91BC942}") = "common", "common\common.vcxproj", "{B959AC85-FA1A-42C4-9F90-61A1901A9915}"
EndProject
Project("{8BC9CEB8-8B4A-11D0-8D11-00A0C91BC942}") = "lua", "lua\lua.vcxproj", "{C5EAE7BE-E161-48B8-9D3F-EBFC7D8AC75A}"
EndProject
Global
	GlobalSection(SolutionConfigurationPlatforms) = preSolution
		Debug|Win32 = Debug|Win32
		Release|Win32 = Release|Win32
	EndGlobalSection
	GlobalSection(ProjectConfigurationPlatforms) = postSolution
		{7CD9E711-43D4-4D5C-B53C-1FBD82816BFE}.Debug|Win32.ActiveCfg = Debug|Win32
		{7CD9E711-43D4-4D5C-B53C-1FBD82816BFE}.Debug|Win32.Build.0 = Debug|Win32
		{7CD9E711-43D4-4D5C-B53C-1FBD82816BFE}.Release|Win32.ActiveCfg = Release|Win32
		{7CD9E711-43D4-4D5C-B53C-1FBD82816BFE}.Release|Win32.Build.0 = Release|Win32
		{31797ADA-202D-4664-904E-AD94832A98FB}.Debug|Win32.ActiveCfg = Debug|Win32
		{31797ADA-202D-4664-904E-AD94832A98FB}.Debug|Win32.Build.0 = Debug|Win32
		{31797ADA-202D-4664-904E-AD94832A98FB}.Release|Win32.ActiveCfg = Release|Win32
		{31797ADA-202D-4664-904E-AD94832A98FB}.Release|Win32.Build.0 = Release|Win32
		{04969378-3A38-43E1-BA87-C29DB5987FD2}.Debug|Win32.ActiveCfg = Debug|Win32
		{04969378-3A38-43E1-BA87-C29DB5987FD2}.Debug|Win32.Build.0 = Debug|Win32
		{04969378-3A38-43E1-BA87-C29DB5987FD2}.Release|Win32.ActiveCfg = Release|Win32
		{04969378-3A38-43E1-BA87-C29DB5987FD2}.Release|Win32.Build.0 = Release|Win32
		{B959AC85-FA1A-42C4-9F90-61A1901A9915}.Debug|Win32.ActiveCfg = Debug|Win32
		{B959AC85-FA1A-42C4-9F90-61A1901A9915}.Debug|Win32.Build.0 = Debug|Win32
		{B959AC85-FA1A-42C4-9F90-61A1901A9915}.Release|Win32.ActiveCfg = Release|Win32
		{B959AC85-FA1A-42C4-9F90-61A1901A9915}.Release|Win32.Build.0 = Release|Win32
		{C5EAE7BE-E161-48B8-9D3F-EBFC7D8AC75A}.Debug|Win32.ActiveCfg = Debug|Win32
		{C5EAE7BE-E161-48B8-9D3F-EBFC7D8AC75A}.Debug|Win32.Build.0 = Debug|Win32
		{C5EAE7BE-E161-48B8-9D3F-EBFC7D8AC75A}.Release|Win32.ActiveCfg = Release|Win32
		{C5EAE7BE-E161-48B8-9D3F-EBFC7D8AC75A}.Release|Win32.Build.0 = Release|Win32
	EndGlobalSection
	GlobalSection(SolutionProperties) = preSolution
		HideSolutionNode = FALSE
	EndGlobalSection
EndGlobal
