// !$*UTF8*$!
{
	archiveVersion = 1;
	classes = {
	};
	objectVersion = 46;
	objects = {

/* Begin PBXBuildFile section */
		BE85D9A2145AB78F00AC987F /* Cocoa.framework in Frameworks */ = {isa = PBXBuildFile; fileRef = BE85D9A1145AB78F00AC987F /* Cocoa.framework */; };
		BE85D9AC145AB78F00AC987F /* graphics.m in Sources */ = {isa = PBXBuildFile; fileRef = BE85D9AB145AB78F00AC987F /* graphics.m */; };
		BE85D9EE145AB80D00AC987F /* font.cpp in Sources */ = {isa = PBXBuildFile; fileRef = BE85D9E5145AB80D00AC987F /* font.cpp */; };
		BE85D9EF145AB80D00AC987F /* image.cpp in Sources */ = {isa = PBXBuildFile; fileRef = BE85D9E6145AB80D00AC987F /* image.cpp */; };
		BE85D9F0145AB80D00AC987F /* shader_program.cpp in Sources */ = {isa = PBXBuildFile; fileRef = BE85D9E7145AB80D00AC987F /* shader_program.cpp */; };
		BE85D9F1145AB80D00AC987F /* shaders.cpp in Sources */ = {isa = PBXBuildFile; fileRef = BE85D9E8145AB80D00AC987F /* shaders.cpp */; };
		BE85D9F2145AB80D00AC987F /* stock_text_formatter.cpp in Sources */ = {isa = PBXBuildFile; fileRef = BE85D9E9145AB80D00AC987F /* stock_text_formatter.cpp */; };
		BE85D9F3145AB80D00AC987F /* text_formatter.cpp in Sources */ = {isa = PBXBuildFile; fileRef = BE85D9EA145AB80D00AC987F /* text_formatter.cpp */; };
		BE85D9F4145AB80D00AC987F /* texture.cpp in Sources */ = {isa = PBXBuildFile; fileRef = BE85D9EB145AB80D00AC987F /* texture.cpp */; };
		BE85D9F6145AB83700AC987F /* OpenGL.framework in Frameworks */ = {isa = PBXBuildFile; fileRef = BE85D9F5145AB83700AC987F /* OpenGL.framework */; };
		BED93D88145C9527006E6510 /* libIL.1.dylib in Frameworks */ = {isa = PBXBuildFile; fileRef = BED93D87145C9527006E6510 /* libIL.1.dylib */; };
		BED93D8B145C9552006E6510 /* libfreetype.6.dylib in Frameworks */ = {isa = PBXBuildFile; fileRef = BED93D8A145C9552006E6510 /* libfreetype.6.dylib */; };
/* End PBXBuildFile section */

/* Begin PBXFileReference section */
		BE85D99E145AB78F00AC987F /* xd_graphics.dylib */ = {isa = PBXFileReference; explicitFileType = "compiled.mach-o.dylib"; includeInIndex = 0; path = xd_graphics.dylib; sourceTree = BUILT_PRODUCTS_DIR; };
		BE85D9A1145AB78F00AC987F /* Cocoa.framework */ = {isa = PBXFileReference; lastKnownFileType = wrapper.framework; name = Cocoa.framework; path = System/Library/Frameworks/Cocoa.framework; sourceTree = SDKROOT; };
		BE85D9A4145AB78F00AC987F /* AppKit.framework */ = {isa = PBXFileReference; lastKnownFileType = wrapper.framework; name = AppKit.framework; path = System/Library/Frameworks/AppKit.framework; sourceTree = SDKROOT; };
		BE85D9A5145AB78F00AC987F /* CoreData.framework */ = {isa = PBXFileReference; lastKnownFileType = wrapper.framework; name = CoreData.framework; path = System/Library/Frameworks/CoreData.framework; sourceTree = SDKROOT; };
		BE85D9A6145AB78F00AC987F /* Foundation.framework */ = {isa = PBXFileReference; lastKnownFileType = wrapper.framework; name = Foundation.framework; path = System/Library/Frameworks/Foundation.framework; sourceTree = SDKROOT; };
		BE85D9A9145AB78F00AC987F /* graphics-Prefix.pch */ = {isa = PBXFileReference; lastKnownFileType = sourcecode.c.h; path = "graphics-Prefix.pch"; sourceTree = "<group>"; };
		BE85D9AA145AB78F00AC987F /* graphics.h */ = {isa = PBXFileReference; lastKnownFileType = sourcecode.c.h; path = graphics.h; sourceTree = "<group>"; };
		BE85D9AB145AB78F00AC987F /* graphics.m */ = {isa = PBXFileReference; lastKnownFileType = sourcecode.c.objc; path = graphics.m; sourceTree = "<group>"; };
		BE85D9E5145AB80D00AC987F /* font.cpp */ = {isa = PBXFileReference; fileEncoding = 4; lastKnownFileType = sourcecode.cpp.cpp; name = font.cpp; path = /Users/reko/Projects/xd/osx/xcode/../../src/graphics/font.cpp; sourceTree = "<absolute>"; };
		BE85D9E6145AB80D00AC987F /* image.cpp */ = {isa = PBXFileReference; fileEncoding = 4; lastKnownFileType = sourcecode.cpp.cpp; name = image.cpp; path = /Users/reko/Projects/xd/osx/xcode/../../src/graphics/image.cpp; sourceTree = "<absolute>"; };
		BE85D9E7145AB80D00AC987F /* shader_program.cpp */ = {isa = PBXFileReference; fileEncoding = 4; lastKnownFileType = sourcecode.cpp.cpp; name = shader_program.cpp; path = /Users/reko/Projects/xd/osx/xcode/../../src/graphics/shader_program.cpp; sourceTree = "<absolute>"; };
		BE85D9E8145AB80D00AC987F /* shaders.cpp */ = {isa = PBXFileReference; fileEncoding = 4; lastKnownFileType = sourcecode.cpp.cpp; name = shaders.cpp; path = /Users/reko/Projects/xd/osx/xcode/../../src/graphics/shaders.cpp; sourceTree = "<absolute>"; };
		BE85D9E9145AB80D00AC987F /* stock_text_formatter.cpp */ = {isa = PBXFileReference; fileEncoding = 4; lastKnownFileType = sourcecode.cpp.cpp; name = stock_text_formatter.cpp; path = /Users/reko/Projects/xd/osx/xcode/../../src/graphics/stock_text_formatter.cpp; sourceTree = "<absolute>"; };
		BE85D9EA145AB80D00AC987F /* text_formatter.cpp */ = {isa = PBXFileReference; fileEncoding = 4; lastKnownFileType = sourcecode.cpp.cpp; name = text_formatter.cpp; path = /Users/reko/Projects/xd/osx/xcode/../../src/graphics/text_formatter.cpp; sourceTree = "<absolute>"; };
		BE85D9EB145AB80D00AC987F /* texture.cpp */ = {isa = PBXFileReference; fileEncoding = 4; lastKnownFileType = sourcecode.cpp.cpp; name = texture.cpp; path = /Users/reko/Projects/xd/osx/xcode/../../src/graphics/texture.cpp; sourceTree = "<absolute>"; };
		BE85D9F5145AB83700AC987F /* OpenGL.framework */ = {isa = PBXFileReference; lastKnownFileType = wrapper.framework; name = OpenGL.framework; path = /System/Library/Frameworks/OpenGL.framework; sourceTree = "<absolute>"; };
		BED93D87145C9527006E6510 /* libIL.1.dylib */ = {isa = PBXFileReference; lastKnownFileType = "compiled.mach-o.dylib"; name = libIL.1.dylib; path = ../../../../../../../opt/local/lib/libIL.1.dylib; sourceTree = "<group>"; };
		BED93D8A145C9552006E6510 /* libfreetype.6.dylib */ = {isa = PBXFileReference; lastKnownFileType = "compiled.mach-o.dylib"; name = libfreetype.6.dylib; path = ../../../../../../../opt/local/lib/libfreetype.6.dylib; sourceTree = "<group>"; };
/* End PBXFileReference section */

/* Begin PBXFrameworksBuildPhase section */
		BE85D99B145AB78F00AC987F /* Frameworks */ = {
			isa = PBXFrameworksBuildPhase;
			buildActionMask = 2147483647;
			files = (
				BE85D9A2145AB78F00AC987F /* Cocoa.framework in Frameworks */,
				BE85D9F6145AB83700AC987F /* OpenGL.framework in Frameworks */,
				BED93D88145C9527006E6510 /* libIL.1.dylib in Frameworks */,
				BED93D8B145C9552006E6510 /* libfreetype.6.dylib in Frameworks */,
			);
			runOnlyForDeploymentPostprocessing = 0;
		};
/* End PBXFrameworksBuildPhase section */

/* Begin PBXGroup section */
		BE85D993145AB78E00AC987F = {
			isa = PBXGroup;
			children = (
				BE85D9FB145ABA5B00AC987F /* src */,
				BE85D9A7145AB78F00AC987F /* graphics */,
				BE85D9A0145AB78F00AC987F /* Frameworks */,
				BE85D99F145AB78F00AC987F /* Products */,
			);
			sourceTree = "<group>";
		};
		BE85D99F145AB78F00AC987F /* Products */ = {
			isa = PBXGroup;
			children = (
				BE85D99E145AB78F00AC987F /* xd_graphics.dylib */,
			);
			name = Products;
			sourceTree = "<group>";
		};
		BE85D9A0145AB78F00AC987F /* Frameworks */ = {
			isa = PBXGroup;
			children = (
				BE85D9A1145AB78F00AC987F /* Cocoa.framework */,
				BE85D9A3145AB78F00AC987F /* Other Frameworks */,
			);
			name = Frameworks;
			sourceTree = "<group>";
		};
		BE85D9A3145AB78F00AC987F /* Other Frameworks */ = {
			isa = PBXGroup;
			children = (
				BED93D8A145C9552006E6510 /* libfreetype.6.dylib */,
				BED93D87145C9527006E6510 /* libIL.1.dylib */,
				BE85D9F5145AB83700AC987F /* OpenGL.framework */,
				BE85D9A4145AB78F00AC987F /* AppKit.framework */,
				BE85D9A5145AB78F00AC987F /* CoreData.framework */,
				BE85D9A6145AB78F00AC987F /* Foundation.framework */,
			);
			name = "Other Frameworks";
			sourceTree = "<group>";
		};
		BE85D9A7145AB78F00AC987F /* graphics */ = {
			isa = PBXGroup;
			children = (
				BE85D9AA145AB78F00AC987F /* graphics.h */,
				BE85D9AB145AB78F00AC987F /* graphics.m */,
				BE85D9A8145AB78F00AC987F /* Supporting Files */,
			);
			path = graphics;
			sourceTree = "<group>";
		};
		BE85D9A8145AB78F00AC987F /* Supporting Files */ = {
			isa = PBXGroup;
			children = (
				BE85D9A9145AB78F00AC987F /* graphics-Prefix.pch */,
			);
			name = "Supporting Files";
			sourceTree = "<group>";
		};
		BE85D9FB145ABA5B00AC987F /* src */ = {
			isa = PBXGroup;
			children = (
				BE85D9E5145AB80D00AC987F /* font.cpp */,
				BE85D9E6145AB80D00AC987F /* image.cpp */,
				BE85D9E7145AB80D00AC987F /* shader_program.cpp */,
				BE85D9E8145AB80D00AC987F /* shaders.cpp */,
				BE85D9E9145AB80D00AC987F /* stock_text_formatter.cpp */,
				BE85D9EA145AB80D00AC987F /* text_formatter.cpp */,
				BE85D9EB145AB80D00AC987F /* texture.cpp */,
			);
			name = src;
			sourceTree = "<group>";
		};
/* End PBXGroup section */

/* Begin PBXHeadersBuildPhase section */
		BE85D99C145AB78F00AC987F /* Headers */ = {
			isa = PBXHeadersBuildPhase;
			buildActionMask = 2147483647;
			files = (
			);
			runOnlyForDeploymentPostprocessing = 0;
		};
/* End PBXHeadersBuildPhase section */

/* Begin PBXNativeTarget section */
		BE85D99D145AB78F00AC987F /* graphics */ = {
			isa = PBXNativeTarget;
			buildConfigurationList = BE85D9AF145AB78F00AC987F /* Build configuration list for PBXNativeTarget "graphics" */;
			buildPhases = (
				BE85D99A145AB78F00AC987F /* Sources */,
				BE85D99B145AB78F00AC987F /* Frameworks */,
				BE85D99C145AB78F00AC987F /* Headers */,
			);
			buildRules = (
			);
			dependencies = (
			);
			name = graphics;
			productName = graphics;
			productReference = BE85D99E145AB78F00AC987F /* xd_graphics.dylib */;
			productType = "com.apple.product-type.library.dynamic";
		};
/* End PBXNativeTarget section */

/* Begin PBXProject section */
		BE85D995145AB78E00AC987F /* Project object */ = {
			isa = PBXProject;
			attributes = {
				LastUpgradeCheck = 0420;
				ORGANIZATIONNAME = "Ecome Finland Oy";
			};
			buildConfigurationList = BE85D998145AB78E00AC987F /* Build configuration list for PBXProject "graphics" */;
			compatibilityVersion = "Xcode 3.2";
			developmentRegion = English;
			hasScannedForEncodings = 0;
			knownRegions = (
				en,
			);
			mainGroup = BE85D993145AB78E00AC987F;
			productRefGroup = BE85D99F145AB78F00AC987F /* Products */;
			projectDirPath = "";
			projectRoot = "";
			targets = (
				BE85D99D145AB78F00AC987F /* graphics */,
			);
		};
/* End PBXProject section */

/* Begin PBXSourcesBuildPhase section */
		BE85D99A145AB78F00AC987F /* Sources */ = {
			isa = PBXSourcesBuildPhase;
			buildActionMask = 2147483647;
			files = (
				BE85D9AC145AB78F00AC987F /* graphics.m in Sources */,
				BE85D9EE145AB80D00AC987F /* font.cpp in Sources */,
				BE85D9EF145AB80D00AC987F /* image.cpp in Sources */,
				BE85D9F0145AB80D00AC987F /* shader_program.cpp in Sources */,
				BE85D9F1145AB80D00AC987F /* shaders.cpp in Sources */,
				BE85D9F2145AB80D00AC987F /* stock_text_formatter.cpp in Sources */,
				BE85D9F3145AB80D00AC987F /* text_formatter.cpp in Sources */,
				BE85D9F4145AB80D00AC987F /* texture.cpp in Sources */,
			);
			runOnlyForDeploymentPostprocessing = 0;
		};
/* End PBXSourcesBuildPhase section */

/* Begin XCBuildConfiguration section */
		BE85D9AD145AB78F00AC987F /* Debug */ = {
			isa = XCBuildConfiguration;
			buildSettings = {
				ALWAYS_SEARCH_USER_PATHS = NO;
				ARCHS = "$(ARCHS_STANDARD_64_BIT)";
				COPY_PHASE_STRIP = NO;
				GCC_C_LANGUAGE_STANDARD = gnu99;
				GCC_DYNAMIC_NO_PIC = NO;
				GCC_ENABLE_OBJC_EXCEPTIONS = YES;
				GCC_OPTIMIZATION_LEVEL = 0;
				GCC_PREPROCESSOR_DEFINITIONS = (
					"DEBUG=1",
					"$(inherited)",
				);
				GCC_SYMBOLS_PRIVATE_EXTERN = NO;
				GCC_VERSION = com.apple.compilers.llvm.clang.1_0;
				GCC_WARN_64_TO_32_BIT_CONVERSION = YES;
				GCC_WARN_ABOUT_MISSING_PROTOTYPES = YES;
				GCC_WARN_ABOUT_RETURN_TYPE = YES;
				GCC_WARN_UNUSED_VARIABLE = YES;
				MACOSX_DEPLOYMENT_TARGET = 10.7;
				ONLY_ACTIVE_ARCH = YES;
				SDKROOT = macosx;
			};
			name = Debug;
		};
		BE85D9AE145AB78F00AC987F /* Release */ = {
			isa = XCBuildConfiguration;
			buildSettings = {
				ALWAYS_SEARCH_USER_PATHS = NO;
				ARCHS = "$(ARCHS_STANDARD_64_BIT)";
				COPY_PHASE_STRIP = YES;
				DEBUG_INFORMATION_FORMAT = "dwarf-with-dsym";
				GCC_C_LANGUAGE_STANDARD = gnu99;
				GCC_ENABLE_OBJC_EXCEPTIONS = YES;
				GCC_VERSION = com.apple.compilers.llvm.clang.1_0;
				GCC_WARN_64_TO_32_BIT_CONVERSION = YES;
				GCC_WARN_ABOUT_MISSING_PROTOTYPES = YES;
				GCC_WARN_ABOUT_RETURN_TYPE = YES;
				GCC_WARN_UNUSED_VARIABLE = YES;
				MACOSX_DEPLOYMENT_TARGET = 10.7;
				SDKROOT = macosx;
			};
			name = Release;
		};
		BE85D9B0145AB78F00AC987F /* Debug */ = {
			isa = XCBuildConfiguration;
			buildSettings = {
				CLANG_CXX_LANGUAGE_STANDARD = "c++0x";
				CLANG_CXX_LIBRARY = "libc++";
				DYLIB_COMPATIBILITY_VERSION = 1;
				DYLIB_CURRENT_VERSION = 1;
				GCC_PRECOMPILE_PREFIX_HEADER = YES;
				GCC_PREFIX_HEADER = "graphics/graphics-Prefix.pch";
				HEADER_SEARCH_PATHS = (
					/System/Library/Frameworks/OpenGL.framework/Headers,
					/opt/local/include,
					/opt/local/include/freetype2,
					../../../include,
				);
				LIBRARY_SEARCH_PATHS = (
					"$(inherited)",
					/opt/local/lib,
				);
				OTHER_CPLUSPLUSFLAGS = "";
				OTHER_LDFLAGS = "";
				PRODUCT_NAME = xd_graphics;
				USER_HEADER_SEARCH_PATHS = "";
			};
			name = Debug;
		};
		BE85D9B1145AB78F00AC987F /* Release */ = {
			isa = XCBuildConfiguration;
			buildSettings = {
				CLANG_CXX_LANGUAGE_STANDARD = "c++0x";
				CLANG_CXX_LIBRARY = "libc++";
				DYLIB_COMPATIBILITY_VERSION = 1;
				DYLIB_CURRENT_VERSION = 1;
				GCC_PRECOMPILE_PREFIX_HEADER = YES;
				GCC_PREFIX_HEADER = "graphics/graphics-Prefix.pch";
				HEADER_SEARCH_PATHS = (
					/System/Library/Frameworks/OpenGL.framework/Headers,
					/opt/local/include,
					/opt/local/include/freetype2,
					../../../include,
				);
				LIBRARY_SEARCH_PATHS = (
					"$(inherited)",
					/opt/local/lib,
				);
				OTHER_CPLUSPLUSFLAGS = "";
				OTHER_LDFLAGS = "";
				PRODUCT_NAME = xd_graphics;
				USER_HEADER_SEARCH_PATHS = "";
			};
			name = Release;
		};
/* End XCBuildConfiguration section */

/* Begin XCConfigurationList section */
		BE85D998145AB78E00AC987F /* Build configuration list for PBXProject "graphics" */ = {
			isa = XCConfigurationList;
			buildConfigurations = (
				BE85D9AD145AB78F00AC987F /* Debug */,
				BE85D9AE145AB78F00AC987F /* Release */,
			);
			defaultConfigurationIsVisible = 0;
			defaultConfigurationName = Release;
		};
		BE85D9AF145AB78F00AC987F /* Build configuration list for PBXNativeTarget "graphics" */ = {
			isa = XCConfigurationList;
			buildConfigurations = (
				BE85D9B0145AB78F00AC987F /* Debug */,
				BE85D9B1145AB78F00AC987F /* Release */,
			);
			defaultConfigurationIsVisible = 0;
			defaultConfigurationName = Release;
		};
/* End XCConfigurationList section */
	};
	rootObject = BE85D995145AB78E00AC987F /* Project object */;
}
